// !$*UTF8*$!
{
	archiveVersion = 1;
	classes = {
	};
	objectVersion = 56;
	objects = {

/* Begin PBXBuildFile section */
		9C0669172A2506F100F7D86B /* MainView.swift in Sources */ = {isa = PBXBuildFile; fileRef = 9C0669162A2506F100F7D86B /* MainView.swift */; };
		9C0669192A25070800F7D86B /* MainViewModel.swift in Sources */ = {isa = PBXBuildFile; fileRef = 9C0669182A25070800F7D86B /* MainViewModel.swift */; };
		9C06691B2A26367800F7D86B /* EventPopoverContainerView.swift in Sources */ = {isa = PBXBuildFile; fileRef = 9C06691A2A26367800F7D86B /* EventPopoverContainerView.swift */; };
		9C9E5C4A2A1E880F00B2E2B5 /* CombineMarbleDebuggerApp.swift in Sources */ = {isa = PBXBuildFile; fileRef = 9C9E5C492A1E880F00B2E2B5 /* CombineMarbleDebuggerApp.swift */; };
		9C9E5C4C2A1E880F00B2E2B5 /* DiagramsView.swift in Sources */ = {isa = PBXBuildFile; fileRef = 9C9E5C4B2A1E880F00B2E2B5 /* DiagramsView.swift */; };
		9C9E5C4E2A1E881100B2E2B5 /* Assets.xcassets in Resources */ = {isa = PBXBuildFile; fileRef = 9C9E5C4D2A1E881100B2E2B5 /* Assets.xcassets */; };
		9C9E5C512A1E881100B2E2B5 /* Preview Assets.xcassets in Resources */ = {isa = PBXBuildFile; fileRef = 9C9E5C502A1E881100B2E2B5 /* Preview Assets.xcassets */; };
		9CF4D5962A24AAB0007456C5 /* CombineMarbleCommon in Frameworks */ = {isa = PBXBuildFile; productRef = 9CF4D5952A24AAB0007456C5 /* CombineMarbleCommon */; };
		9CF4D5992A24AE15007456C5 /* MarbleTree.swift in Sources */ = {isa = PBXBuildFile; fileRef = 9CF4D5982A24AE15007456C5 /* MarbleTree.swift */; };
		9CF4D59B2A24AE54007456C5 /* MarbleEvent.swift in Sources */ = {isa = PBXBuildFile; fileRef = 9CF4D59A2A24AE54007456C5 /* MarbleEvent.swift */; };
		9CF4D59D2A24AE7A007456C5 /* MarbleTimeline.swift in Sources */ = {isa = PBXBuildFile; fileRef = 9CF4D59C2A24AE7A007456C5 /* MarbleTimeline.swift */; };
		9CF4D5A02A24AF14007456C5 /* MarbleModel.swift in Sources */ = {isa = PBXBuildFile; fileRef = 9CF4D59F2A24AF14007456C5 /* MarbleModel.swift */; };
		9CF4D5A32A24B03E007456C5 /* Date+Extension.swift in Sources */ = {isa = PBXBuildFile; fileRef = 9CF4D5A22A24B03E007456C5 /* Date+Extension.swift */; };
		9CF4D5A52A24B355007456C5 /* DateFormatter+Extension.swift in Sources */ = {isa = PBXBuildFile; fileRef = 9CF4D5A42A24B355007456C5 /* DateFormatter+Extension.swift */; };
		9CF4D5A72A24B3A5007456C5 /* MarbleLogsList.swift in Sources */ = {isa = PBXBuildFile; fileRef = 9CF4D5A62A24B3A5007456C5 /* MarbleLogsList.swift */; };
		9CF4D5AB2A24B44D007456C5 /* MarbleDiagramView.swift in Sources */ = {isa = PBXBuildFile; fileRef = 9CF4D5AA2A24B44D007456C5 /* MarbleDiagramView.swift */; };
		9CF4D5AD2A24B46A007456C5 /* AppConstants.swift in Sources */ = {isa = PBXBuildFile; fileRef = 9CF4D5AC2A24B46A007456C5 /* AppConstants.swift */; };
		9CF4D5AF2A24B4CF007456C5 /* MarbleEventView.swift in Sources */ = {isa = PBXBuildFile; fileRef = 9CF4D5AE2A24B4CF007456C5 /* MarbleEventView.swift */; };
		9CF4D5B12A24B50F007456C5 /* TimeInterval+Extension.swift in Sources */ = {isa = PBXBuildFile; fileRef = 9CF4D5B02A24B50F007456C5 /* TimeInterval+Extension.swift */; };
		9CF4D5B42A24B9C8007456C5 /* LoggingFileManager.swift in Sources */ = {isa = PBXBuildFile; fileRef = 9CF4D5B32A24B9C8007456C5 /* LoggingFileManager.swift */; };
		9CF4D5B62A24C066007456C5 /* StreamDiagram.swift in Sources */ = {isa = PBXBuildFile; fileRef = 9CF4D5B52A24C066007456C5 /* StreamDiagram.swift */; };
		9CF4D5B92A24C16A007456C5 /* MarbleViewModel.swift in Sources */ = {isa = PBXBuildFile; fileRef = 9CF4D5B82A24C16A007456C5 /* MarbleViewModel.swift */; };
		9CF4D5BB2A24C2E9007456C5 /* TreeDiagramView.swift in Sources */ = {isa = PBXBuildFile; fileRef = 9CF4D5BA2A24C2E9007456C5 /* TreeDiagramView.swift */; };
		9CF4D5BE2A24C3E6007456C5 /* EdgeShape.swift in Sources */ = {isa = PBXBuildFile; fileRef = 9CF4D5BD2A24C3E6007456C5 /* EdgeShape.swift */; };
		9CF4D5C02A24C429007456C5 /* CGPoint+Extension.swift in Sources */ = {isa = PBXBuildFile; fileRef = 9CF4D5BF2A24C429007456C5 /* CGPoint+Extension.swift */; };
		9CF4D5C22A24C493007456C5 /* CollectDictionary.swift in Sources */ = {isa = PBXBuildFile; fileRef = 9CF4D5C12A24C493007456C5 /* CollectDictionary.swift */; };
		9CF4D5C42A24C7E8007456C5 /* DragAndDropView.swift in Sources */ = {isa = PBXBuildFile; fileRef = 9CF4D5C32A24C7E8007456C5 /* DragAndDropView.swift */; };
/* End PBXBuildFile section */

/* Begin PBXFileReference section */
		9C0669162A2506F100F7D86B /* MainView.swift */ = {isa = PBXFileReference; lastKnownFileType = sourcecode.swift; path = MainView.swift; sourceTree = "<group>"; };
		9C0669182A25070800F7D86B /* MainViewModel.swift */ = {isa = PBXFileReference; lastKnownFileType = sourcecode.swift; path = MainViewModel.swift; sourceTree = "<group>"; };
		9C06691A2A26367800F7D86B /* EventPopoverContainerView.swift */ = {isa = PBXFileReference; lastKnownFileType = sourcecode.swift; path = EventPopoverContainerView.swift; sourceTree = "<group>"; };
		9C9E5C462A1E880F00B2E2B5 /* CombineMarbleDebugger.app */ = {isa = PBXFileReference; explicitFileType = wrapper.application; includeInIndex = 0; path = CombineMarbleDebugger.app; sourceTree = BUILT_PRODUCTS_DIR; };
		9C9E5C492A1E880F00B2E2B5 /* CombineMarbleDebuggerApp.swift */ = {isa = PBXFileReference; lastKnownFileType = sourcecode.swift; path = CombineMarbleDebuggerApp.swift; sourceTree = "<group>"; };
		9C9E5C4B2A1E880F00B2E2B5 /* DiagramsView.swift */ = {isa = PBXFileReference; lastKnownFileType = sourcecode.swift; path = DiagramsView.swift; sourceTree = "<group>"; };
		9C9E5C4D2A1E881100B2E2B5 /* Assets.xcassets */ = {isa = PBXFileReference; lastKnownFileType = folder.assetcatalog; path = Assets.xcassets; sourceTree = "<group>"; };
		9C9E5C502A1E881100B2E2B5 /* Preview Assets.xcassets */ = {isa = PBXFileReference; lastKnownFileType = folder.assetcatalog; path = "Preview Assets.xcassets"; sourceTree = "<group>"; };
		9C9E5C522A1E881100B2E2B5 /* CombineMarbleDebugger.entitlements */ = {isa = PBXFileReference; lastKnownFileType = text.plist.entitlements; path = CombineMarbleDebugger.entitlements; sourceTree = "<group>"; };
		9CF4D5932A24AA0F007456C5 /* CombineMarbleCommon */ = {isa = PBXFileReference; lastKnownFileType = wrapper; name = CombineMarbleCommon; path = ../CombineMarbleCommon; sourceTree = "<group>"; };
		9CF4D5982A24AE15007456C5 /* MarbleTree.swift */ = {isa = PBXFileReference; lastKnownFileType = sourcecode.swift; path = MarbleTree.swift; sourceTree = "<group>"; };
		9CF4D59A2A24AE54007456C5 /* MarbleEvent.swift */ = {isa = PBXFileReference; lastKnownFileType = sourcecode.swift; path = MarbleEvent.swift; sourceTree = "<group>"; };
		9CF4D59C2A24AE7A007456C5 /* MarbleTimeline.swift */ = {isa = PBXFileReference; lastKnownFileType = sourcecode.swift; path = MarbleTimeline.swift; sourceTree = "<group>"; };
		9CF4D59F2A24AF14007456C5 /* MarbleModel.swift */ = {isa = PBXFileReference; lastKnownFileType = sourcecode.swift; path = MarbleModel.swift; sourceTree = "<group>"; };
		9CF4D5A22A24B03E007456C5 /* Date+Extension.swift */ = {isa = PBXFileReference; lastKnownFileType = sourcecode.swift; path = "Date+Extension.swift"; sourceTree = "<group>"; };
		9CF4D5A42A24B355007456C5 /* DateFormatter+Extension.swift */ = {isa = PBXFileReference; lastKnownFileType = sourcecode.swift; path = "DateFormatter+Extension.swift"; sourceTree = "<group>"; };
		9CF4D5A62A24B3A5007456C5 /* MarbleLogsList.swift */ = {isa = PBXFileReference; lastKnownFileType = sourcecode.swift; path = MarbleLogsList.swift; sourceTree = "<group>"; };
		9CF4D5AA2A24B44D007456C5 /* MarbleDiagramView.swift */ = {isa = PBXFileReference; lastKnownFileType = sourcecode.swift; path = MarbleDiagramView.swift; sourceTree = "<group>"; };
		9CF4D5AC2A24B46A007456C5 /* AppConstants.swift */ = {isa = PBXFileReference; lastKnownFileType = sourcecode.swift; path = AppConstants.swift; sourceTree = "<group>"; };
		9CF4D5AE2A24B4CF007456C5 /* MarbleEventView.swift */ = {isa = PBXFileReference; lastKnownFileType = sourcecode.swift; path = MarbleEventView.swift; sourceTree = "<group>"; };
		9CF4D5B02A24B50F007456C5 /* TimeInterval+Extension.swift */ = {isa = PBXFileReference; lastKnownFileType = sourcecode.swift; path = "TimeInterval+Extension.swift"; sourceTree = "<group>"; };
		9CF4D5B32A24B9C8007456C5 /* LoggingFileManager.swift */ = {isa = PBXFileReference; lastKnownFileType = sourcecode.swift; path = LoggingFileManager.swift; sourceTree = "<group>"; };
		9CF4D5B52A24C066007456C5 /* StreamDiagram.swift */ = {isa = PBXFileReference; lastKnownFileType = sourcecode.swift; path = StreamDiagram.swift; sourceTree = "<group>"; };
		9CF4D5B82A24C16A007456C5 /* MarbleViewModel.swift */ = {isa = PBXFileReference; lastKnownFileType = sourcecode.swift; path = MarbleViewModel.swift; sourceTree = "<group>"; };
		9CF4D5BA2A24C2E9007456C5 /* TreeDiagramView.swift */ = {isa = PBXFileReference; lastKnownFileType = sourcecode.swift; path = TreeDiagramView.swift; sourceTree = "<group>"; };
		9CF4D5BD2A24C3E6007456C5 /* EdgeShape.swift */ = {isa = PBXFileReference; lastKnownFileType = sourcecode.swift; path = EdgeShape.swift; sourceTree = "<group>"; };
		9CF4D5BF2A24C429007456C5 /* CGPoint+Extension.swift */ = {isa = PBXFileReference; lastKnownFileType = sourcecode.swift; path = "CGPoint+Extension.swift"; sourceTree = "<group>"; };
		9CF4D5C12A24C493007456C5 /* CollectDictionary.swift */ = {isa = PBXFileReference; lastKnownFileType = sourcecode.swift; path = CollectDictionary.swift; sourceTree = "<group>"; };
		9CF4D5C32A24C7E8007456C5 /* DragAndDropView.swift */ = {isa = PBXFileReference; lastKnownFileType = sourcecode.swift; path = DragAndDropView.swift; sourceTree = "<group>"; };
/* End PBXFileReference section */

/* Begin PBXFrameworksBuildPhase section */
		9C9E5C432A1E880F00B2E2B5 /* Frameworks */ = {
			isa = PBXFrameworksBuildPhase;
			buildActionMask = 2147483647;
			files = (
				9CF4D5962A24AAB0007456C5 /* CombineMarbleCommon in Frameworks */,
			);
			runOnlyForDeploymentPostprocessing = 0;
		};
/* End PBXFrameworksBuildPhase section */

/* Begin PBXGroup section */
		9C9E5C3D2A1E880F00B2E2B5 = {
			isa = PBXGroup;
			children = (
				9CF4D5922A24AA0F007456C5 /* Packages */,
				9C9E5C482A1E880F00B2E2B5 /* CombineMarbleDebugger */,
				9C9E5C472A1E880F00B2E2B5 /* Products */,
				9CF4D5942A24AAB0007456C5 /* Frameworks */,
			);
			sourceTree = "<group>";
		};
		9C9E5C472A1E880F00B2E2B5 /* Products */ = {
			isa = PBXGroup;
			children = (
				9C9E5C462A1E880F00B2E2B5 /* CombineMarbleDebugger.app */,
			);
			name = Products;
			sourceTree = "<group>";
		};
		9C9E5C482A1E880F00B2E2B5 /* CombineMarbleDebugger */ = {
			isa = PBXGroup;
			children = (
				9CF4D5B72A24C14D007456C5 /* ViewModel */,
				9CF4D5B22A24B9A9007456C5 /* LoggingFileManager */,
				9CF4D5A92A24B435007456C5 /* Views */,
				9CF4D5A12A24AF26007456C5 /* Extensions */,
				9CF4D5972A24ADDC007456C5 /* Model */,
				9C9E5C492A1E880F00B2E2B5 /* CombineMarbleDebuggerApp.swift */,
				9C9E5C4D2A1E881100B2E2B5 /* Assets.xcassets */,
				9C9E5C522A1E881100B2E2B5 /* CombineMarbleDebugger.entitlements */,
				9C9E5C4F2A1E881100B2E2B5 /* Preview Content */,
				9CF4D5AC2A24B46A007456C5 /* AppConstants.swift */,
			);
			path = CombineMarbleDebugger;
			sourceTree = "<group>";
		};
		9C9E5C4F2A1E881100B2E2B5 /* Preview Content */ = {
			isa = PBXGroup;
			children = (
				9C9E5C502A1E881100B2E2B5 /* Preview Assets.xcassets */,
			);
			path = "Preview Content";
			sourceTree = "<group>";
		};
		9CF4D5922A24AA0F007456C5 /* Packages */ = {
			isa = PBXGroup;
			children = (
				9CF4D5932A24AA0F007456C5 /* CombineMarbleCommon */,
			);
			name = Packages;
			sourceTree = "<group>";
		};
		9CF4D5942A24AAB0007456C5 /* Frameworks */ = {
			isa = PBXGroup;
			children = (
			);
			name = Frameworks;
			sourceTree = "<group>";
		};
		9CF4D5972A24ADDC007456C5 /* Model */ = {
			isa = PBXGroup;
			children = (
				9CF4D5982A24AE15007456C5 /* MarbleTree.swift */,
				9CF4D59A2A24AE54007456C5 /* MarbleEvent.swift */,
				9CF4D59C2A24AE7A007456C5 /* MarbleTimeline.swift */,
				9CF4D59F2A24AF14007456C5 /* MarbleModel.swift */,
				9CF4D5A62A24B3A5007456C5 /* MarbleLogsList.swift */,
				9CF4D5B52A24C066007456C5 /* StreamDiagram.swift */,
			);
			path = Model;
			sourceTree = "<group>";
		};
		9CF4D5A12A24AF26007456C5 /* Extensions */ = {
			isa = PBXGroup;
			children = (
				9CF4D5A22A24B03E007456C5 /* Date+Extension.swift */,
				9CF4D5A42A24B355007456C5 /* DateFormatter+Extension.swift */,
				9CF4D5B02A24B50F007456C5 /* TimeInterval+Extension.swift */,
				9CF4D5BF2A24C429007456C5 /* CGPoint+Extension.swift */,
			);
			path = Extensions;
			sourceTree = "<group>";
		};
		9CF4D5A92A24B435007456C5 /* Views */ = {
			isa = PBXGroup;
			children = (
				9C9E5C4B2A1E880F00B2E2B5 /* DiagramsView.swift */,
				9CF4D5C32A24C7E8007456C5 /* DragAndDropView.swift */,
				9C06691A2A26367800F7D86B /* EventPopoverContainerView.swift */,
				9C0669162A2506F100F7D86B /* MainView.swift */,
				9CF4D5AA2A24B44D007456C5 /* MarbleDiagramView.swift */,
				9CF4D5AE2A24B4CF007456C5 /* MarbleEventView.swift */,
				9CF4D5BC2A24C314007456C5 /* TreeDiagram */,
			);
			path = Views;
			sourceTree = "<group>";
		};
		9CF4D5B22A24B9A9007456C5 /* LoggingFileManager */ = {
			isa = PBXGroup;
			children = (
				9CF4D5B32A24B9C8007456C5 /* LoggingFileManager.swift */,
			);
			path = LoggingFileManager;
			sourceTree = "<group>";
		};
		9CF4D5B72A24C14D007456C5 /* ViewModel */ = {
			isa = PBXGroup;
			children = (
				9CF4D5B82A24C16A007456C5 /* MarbleViewModel.swift */,
				9C0669182A25070800F7D86B /* MainViewModel.swift */,
			);
			path = ViewModel;
			sourceTree = "<group>";
		};
		9CF4D5BC2A24C314007456C5 /* TreeDiagram */ = {
			isa = PBXGroup;
			children = (
				9CF4D5BA2A24C2E9007456C5 /* TreeDiagramView.swift */,
				9CF4D5BD2A24C3E6007456C5 /* EdgeShape.swift */,
				9CF4D5C12A24C493007456C5 /* CollectDictionary.swift */,
			);
			path = TreeDiagram;
			sourceTree = "<group>";
		};
/* End PBXGroup section */

/* Begin PBXNativeTarget section */
		9C9E5C452A1E880F00B2E2B5 /* CombineMarbleDebugger */ = {
			isa = PBXNativeTarget;
			buildConfigurationList = 9C9E5C552A1E881100B2E2B5 /* Build configuration list for PBXNativeTarget "CombineMarbleDebugger" */;
			buildPhases = (
				9C9E5C422A1E880F00B2E2B5 /* Sources */,
				9C9E5C432A1E880F00B2E2B5 /* Frameworks */,
				9C9E5C442A1E880F00B2E2B5 /* Resources */,
			);
			buildRules = (
			);
			dependencies = (
			);
			name = CombineMarbleDebugger;
			packageProductDependencies = (
				9CF4D5952A24AAB0007456C5 /* CombineMarbleCommon */,
			);
			productName = CombineMarbleDebugger;
			productReference = 9C9E5C462A1E880F00B2E2B5 /* CombineMarbleDebugger.app */;
			productType = "com.apple.product-type.application";
		};
/* End PBXNativeTarget section */

/* Begin PBXProject section */
		9C9E5C3E2A1E880F00B2E2B5 /* Project object */ = {
			isa = PBXProject;
			attributes = {
				BuildIndependentTargetsInParallel = 1;
				LastSwiftUpdateCheck = 1430;
				LastUpgradeCheck = 1430;
				TargetAttributes = {
					9C9E5C452A1E880F00B2E2B5 = {
						CreatedOnToolsVersion = 14.3;
					};
				};
			};
			buildConfigurationList = 9C9E5C412A1E880F00B2E2B5 /* Build configuration list for PBXProject "CombineMarbleDebugger" */;
			compatibilityVersion = "Xcode 14.0";
			developmentRegion = en;
			hasScannedForEncodings = 0;
			knownRegions = (
				en,
				Base,
			);
			mainGroup = 9C9E5C3D2A1E880F00B2E2B5;
			productRefGroup = 9C9E5C472A1E880F00B2E2B5 /* Products */;
			projectDirPath = "";
			projectRoot = "";
			targets = (
				9C9E5C452A1E880F00B2E2B5 /* CombineMarbleDebugger */,
			);
		};
/* End PBXProject section */

/* Begin PBXResourcesBuildPhase section */
		9C9E5C442A1E880F00B2E2B5 /* Resources */ = {
			isa = PBXResourcesBuildPhase;
			buildActionMask = 2147483647;
			files = (
				9C9E5C512A1E881100B2E2B5 /* Preview Assets.xcassets in Resources */,
				9C9E5C4E2A1E881100B2E2B5 /* Assets.xcassets in Resources */,
			);
			runOnlyForDeploymentPostprocessing = 0;
		};
/* End PBXResourcesBuildPhase section */

/* Begin PBXSourcesBuildPhase section */
		9C9E5C422A1E880F00B2E2B5 /* Sources */ = {
			isa = PBXSourcesBuildPhase;
			buildActionMask = 2147483647;
			files = (
				9CF4D5BB2A24C2E9007456C5 /* TreeDiagramView.swift in Sources */,
				9C9E5C4C2A1E880F00B2E2B5 /* DiagramsView.swift in Sources */,
				9CF4D5C02A24C429007456C5 /* CGPoint+Extension.swift in Sources */,
				9CF4D59B2A24AE54007456C5 /* MarbleEvent.swift in Sources */,
				9CF4D5C42A24C7E8007456C5 /* DragAndDropView.swift in Sources */,
				9CF4D5B62A24C066007456C5 /* StreamDiagram.swift in Sources */,
				9CF4D5A52A24B355007456C5 /* DateFormatter+Extension.swift in Sources */,
				9C0669172A2506F100F7D86B /* MainView.swift in Sources */,
				9CF4D5AD2A24B46A007456C5 /* AppConstants.swift in Sources */,
				9CF4D5BE2A24C3E6007456C5 /* EdgeShape.swift in Sources */,
				9CF4D5A02A24AF14007456C5 /* MarbleModel.swift in Sources */,
				9C9E5C4A2A1E880F00B2E2B5 /* CombineMarbleDebuggerApp.swift in Sources */,
				9CF4D5A32A24B03E007456C5 /* Date+Extension.swift in Sources */,
				9CF4D59D2A24AE7A007456C5 /* MarbleTimeline.swift in Sources */,
				9CF4D5AF2A24B4CF007456C5 /* MarbleEventView.swift in Sources */,
				9CF4D5A72A24B3A5007456C5 /* MarbleLogsList.swift in Sources */,
				9CF4D5992A24AE15007456C5 /* MarbleTree.swift in Sources */,
				9CF4D5AB2A24B44D007456C5 /* MarbleDiagramView.swift in Sources */,
				9CF4D5B12A24B50F007456C5 /* TimeInterval+Extension.swift in Sources */,
				9CF4D5B42A24B9C8007456C5 /* LoggingFileManager.swift in Sources */,
				9CF4D5C22A24C493007456C5 /* CollectDictionary.swift in Sources */,
				9C06691B2A26367800F7D86B /* EventPopoverContainerView.swift in Sources */,
				9C0669192A25070800F7D86B /* MainViewModel.swift in Sources */,
				9CF4D5B92A24C16A007456C5 /* MarbleViewModel.swift in Sources */,
			);
			runOnlyForDeploymentPostprocessing = 0;
		};
/* End PBXSourcesBuildPhase section */

/* Begin XCBuildConfiguration section */
		9C9E5C532A1E881100B2E2B5 /* Debug */ = {
			isa = XCBuildConfiguration;
			buildSettings = {
				ALWAYS_SEARCH_USER_PATHS = NO;
				CLANG_ANALYZER_NONNULL = YES;
				CLANG_ANALYZER_NUMBER_OBJECT_CONVERSION = YES_AGGRESSIVE;
				CLANG_CXX_LANGUAGE_STANDARD = "gnu++20";
				CLANG_ENABLE_MODULES = YES;
				CLANG_ENABLE_OBJC_ARC = YES;
				CLANG_ENABLE_OBJC_WEAK = YES;
				CLANG_WARN_BLOCK_CAPTURE_AUTORELEASING = YES;
				CLANG_WARN_BOOL_CONVERSION = YES;
				CLANG_WARN_COMMA = YES;
				CLANG_WARN_CONSTANT_CONVERSION = YES;
				CLANG_WARN_DEPRECATED_OBJC_IMPLEMENTATIONS = YES;
				CLANG_WARN_DIRECT_OBJC_ISA_USAGE = YES_ERROR;
				CLANG_WARN_DOCUMENTATION_COMMENTS = YES;
				CLANG_WARN_EMPTY_BODY = YES;
				CLANG_WARN_ENUM_CONVERSION = YES;
				CLANG_WARN_INFINITE_RECURSION = YES;
				CLANG_WARN_INT_CONVERSION = YES;
				CLANG_WARN_NON_LITERAL_NULL_CONVERSION = YES;
				CLANG_WARN_OBJC_IMPLICIT_RETAIN_SELF = YES;
				CLANG_WARN_OBJC_LITERAL_CONVERSION = YES;
				CLANG_WARN_OBJC_ROOT_CLASS = YES_ERROR;
				CLANG_WARN_QUOTED_INCLUDE_IN_FRAMEWORK_HEADER = YES;
				CLANG_WARN_RANGE_LOOP_ANALYSIS = YES;
				CLANG_WARN_STRICT_PROTOTYPES = YES;
				CLANG_WARN_SUSPICIOUS_MOVE = YES;
				CLANG_WARN_UNGUARDED_AVAILABILITY = YES_AGGRESSIVE;
				CLANG_WARN_UNREACHABLE_CODE = YES;
				CLANG_WARN__DUPLICATE_METHOD_MATCH = YES;
				COPY_PHASE_STRIP = NO;
				DEBUG_INFORMATION_FORMAT = dwarf;
				ENABLE_STRICT_OBJC_MSGSEND = YES;
				ENABLE_TESTABILITY = YES;
				GCC_C_LANGUAGE_STANDARD = gnu11;
				GCC_DYNAMIC_NO_PIC = NO;
				GCC_NO_COMMON_BLOCKS = YES;
				GCC_OPTIMIZATION_LEVEL = 0;
				GCC_PREPROCESSOR_DEFINITIONS = (
					"DEBUG=1",
					"$(inherited)",
				);
				GCC_WARN_64_TO_32_BIT_CONVERSION = YES;
				GCC_WARN_ABOUT_RETURN_TYPE = YES_ERROR;
				GCC_WARN_UNDECLARED_SELECTOR = YES;
				GCC_WARN_UNINITIALIZED_AUTOS = YES_AGGRESSIVE;
				GCC_WARN_UNUSED_FUNCTION = YES;
				GCC_WARN_UNUSED_VARIABLE = YES;
				MACOSX_DEPLOYMENT_TARGET = 13.3;
				MTL_ENABLE_DEBUG_INFO = INCLUDE_SOURCE;
				MTL_FAST_MATH = YES;
				ONLY_ACTIVE_ARCH = YES;
				SDKROOT = macosx;
				SWIFT_ACTIVE_COMPILATION_CONDITIONS = DEBUG;
				SWIFT_OPTIMIZATION_LEVEL = "-Onone";
			};
			name = Debug;
		};
		9C9E5C542A1E881100B2E2B5 /* Release */ = {
			isa = XCBuildConfiguration;
			buildSettings = {
				ALWAYS_SEARCH_USER_PATHS = NO;
				CLANG_ANALYZER_NONNULL = YES;
				CLANG_ANALYZER_NUMBER_OBJECT_CONVERSION = YES_AGGRESSIVE;
				CLANG_CXX_LANGUAGE_STANDARD = "gnu++20";
				CLANG_ENABLE_MODULES = YES;
				CLANG_ENABLE_OBJC_ARC = YES;
				CLANG_ENABLE_OBJC_WEAK = YES;
				CLANG_WARN_BLOCK_CAPTURE_AUTORELEASING = YES;
				CLANG_WARN_BOOL_CONVERSION = YES;
				CLANG_WARN_COMMA = YES;
				CLANG_WARN_CONSTANT_CONVERSION = YES;
				CLANG_WARN_DEPRECATED_OBJC_IMPLEMENTATIONS = YES;
				CLANG_WARN_DIRECT_OBJC_ISA_USAGE = YES_ERROR;
				CLANG_WARN_DOCUMENTATION_COMMENTS = YES;
				CLANG_WARN_EMPTY_BODY = YES;
				CLANG_WARN_ENUM_CONVERSION = YES;
				CLANG_WARN_INFINITE_RECURSION = YES;
				CLANG_WARN_INT_CONVERSION = YES;
				CLANG_WARN_NON_LITERAL_NULL_CONVERSION = YES;
				CLANG_WARN_OBJC_IMPLICIT_RETAIN_SELF = YES;
				CLANG_WARN_OBJC_LITERAL_CONVERSION = YES;
				CLANG_WARN_OBJC_ROOT_CLASS = YES_ERROR;
				CLANG_WARN_QUOTED_INCLUDE_IN_FRAMEWORK_HEADER = YES;
				CLANG_WARN_RANGE_LOOP_ANALYSIS = YES;
				CLANG_WARN_STRICT_PROTOTYPES = YES;
				CLANG_WARN_SUSPICIOUS_MOVE = YES;
				CLANG_WARN_UNGUARDED_AVAILABILITY = YES_AGGRESSIVE;
				CLANG_WARN_UNREACHABLE_CODE = YES;
				CLANG_WARN__DUPLICATE_METHOD_MATCH = YES;
				COPY_PHASE_STRIP = NO;
				DEBUG_INFORMATION_FORMAT = "dwarf-with-dsym";
				ENABLE_NS_ASSERTIONS = NO;
				ENABLE_STRICT_OBJC_MSGSEND = YES;
				GCC_C_LANGUAGE_STANDARD = gnu11;
				GCC_NO_COMMON_BLOCKS = YES;
				GCC_WARN_64_TO_32_BIT_CONVERSION = YES;
				GCC_WARN_ABOUT_RETURN_TYPE = YES_ERROR;
				GCC_WARN_UNDECLARED_SELECTOR = YES;
				GCC_WARN_UNINITIALIZED_AUTOS = YES_AGGRESSIVE;
				GCC_WARN_UNUSED_FUNCTION = YES;
				GCC_WARN_UNUSED_VARIABLE = YES;
				MACOSX_DEPLOYMENT_TARGET = 13.3;
				MTL_ENABLE_DEBUG_INFO = NO;
				MTL_FAST_MATH = YES;
				SDKROOT = macosx;
				SWIFT_COMPILATION_MODE = wholemodule;
				SWIFT_OPTIMIZATION_LEVEL = "-O";
			};
			name = Release;
		};
		9C9E5C562A1E881100B2E2B5 /* Debug */ = {
			isa = XCBuildConfiguration;
			buildSettings = {
				ASSETCATALOG_COMPILER_APPICON_NAME = AppIcon;
				ASSETCATALOG_COMPILER_GLOBAL_ACCENT_COLOR_NAME = AccentColor;
				CODE_SIGN_ENTITLEMENTS = CombineMarbleDebugger/CombineMarbleDebugger.entitlements;
				CODE_SIGN_STYLE = Automatic;
				COMBINE_HIDPI_IMAGES = YES;
				CURRENT_PROJECT_VERSION = 1;
				DEVELOPMENT_ASSET_PATHS = "\"CombineMarbleDebugger/Preview Content\"";
				DEVELOPMENT_TEAM = MC6DK35VM3;
				ENABLE_HARDENED_RUNTIME = YES;
				ENABLE_PREVIEWS = YES;
				GENERATE_INFOPLIST_FILE = YES;
				INFOPLIST_KEY_NSHumanReadableCopyright = "";
				LD_RUNPATH_SEARCH_PATHS = (
					"$(inherited)",
					"@executable_path/../Frameworks",
				);
				MARKETING_VERSION = 1.0;
				PRODUCT_BUNDLE_IDENTIFIER = VladM.CombineMarbleDebugger;
				PRODUCT_NAME = "$(TARGET_NAME)";
				SWIFT_EMIT_LOC_STRINGS = YES;
				SWIFT_VERSION = 5.0;
			};
			name = Debug;
		};
		9C9E5C572A1E881100B2E2B5 /* Release */ = {
			isa = XCBuildConfiguration;
			buildSettings = {
				ASSETCATALOG_COMPILER_APPICON_NAME = AppIcon;
				ASSETCATALOG_COMPILER_GLOBAL_ACCENT_COLOR_NAME = AccentColor;
				CODE_SIGN_ENTITLEMENTS = CombineMarbleDebugger/CombineMarbleDebugger.entitlements;
				CODE_SIGN_STYLE = Automatic;
				COMBINE_HIDPI_IMAGES = YES;
				CURRENT_PROJECT_VERSION = 1;
				DEVELOPMENT_ASSET_PATHS = "\"CombineMarbleDebugger/Preview Content\"";
				DEVELOPMENT_TEAM = MC6DK35VM3;
				ENABLE_HARDENED_RUNTIME = YES;
				ENABLE_PREVIEWS = YES;
				GENERATE_INFOPLIST_FILE = YES;
				INFOPLIST_KEY_NSHumanReadableCopyright = "";
				LD_RUNPATH_SEARCH_PATHS = (
					"$(inherited)",
					"@executable_path/../Frameworks",
				);
				MARKETING_VERSION = 1.0;
				PRODUCT_BUNDLE_IDENTIFIER = VladM.CombineMarbleDebugger;
				PRODUCT_NAME = "$(TARGET_NAME)";
				SWIFT_EMIT_LOC_STRINGS = YES;
				SWIFT_VERSION = 5.0;
			};
			name = Release;
		};
/* End XCBuildConfiguration section */

/* Begin XCConfigurationList section */
		9C9E5C412A1E880F00B2E2B5 /* Build configuration list for PBXProject "CombineMarbleDebugger" */ = {
			isa = XCConfigurationList;
			buildConfigurations = (
				9C9E5C532A1E881100B2E2B5 /* Debug */,
				9C9E5C542A1E881100B2E2B5 /* Release */,
			);
			defaultConfigurationIsVisible = 0;
			defaultConfigurationName = Release;
		};
		9C9E5C552A1E881100B2E2B5 /* Build configuration list for PBXNativeTarget "CombineMarbleDebugger" */ = {
			isa = XCConfigurationList;
			buildConfigurations = (
				9C9E5C562A1E881100B2E2B5 /* Debug */,
				9C9E5C572A1E881100B2E2B5 /* Release */,
			);
			defaultConfigurationIsVisible = 0;
			defaultConfigurationName = Release;
		};
/* End XCConfigurationList section */

/* Begin XCSwiftPackageProductDependency section */
		9CF4D5952A24AAB0007456C5 /* CombineMarbleCommon */ = {
			isa = XCSwiftPackageProductDependency;
			productName = CombineMarbleCommon;
		};
/* End XCSwiftPackageProductDependency section */
	};
	rootObject = 9C9E5C3E2A1E880F00B2E2B5 /* Project object */;
}
